
Microsoft Visual Studio Solution File, Format Version 12.00
# Visual Studio Version 17
VisualStudioVersion = 17.8.34309.116
MinimumVisualStudioVersion = 10.0.40219.1
Project("{9A19103F-16F7-4668-BE54-9A1E7A4F7556}") = "GraphR.API", "src\GraphR.API\GraphR.API.csproj", "{45D0FC5B-588C-4A1B-B69E-BC35E26EFD11}"
EndProject
Project("{9A19103F-16F7-4668-BE54-9A1E7A4F7556}") = "GraphR.Application", "src\GraphR.Application\GraphR.Application.csproj", "{6E5FE161-0376-4F28-AA70-3745A44EE028}"
EndProject
Project("{9A19103F-16F7-4668-BE54-9A1E7A4F7556}") = "GraphR.Domain", "src\GraphR.Domain\GraphR.Domain.csproj", "{93267F8C-80FF-41F0-9316-C3969B81C681}"
EndProject
Project("{9A19103F-16F7-4668-BE54-9A1E7A4F7556}") = "GraphR.Infrastructure", "src\GraphR.Infrastructure\GraphR.Infrastructure.csproj", "{93D27EB7-BB64-44AB-9B6E-C5071AFF0E48}"
EndProject
Project("{2150E333-8FDC-42A3-9474-1A3956D46DE8}") = "01 API", "01 API", "{D234312E-31D1-47BF-B883-DC933726200D}"
EndProject
Project("{2150E333-8FDC-42A3-9474-1A3956D46DE8}") = "02 Application", "02 Application", "{A7C973C5-8F83-4665-AD0B-10A1B6020FDE}"
EndProject
Project("{2150E333-8FDC-42A3-9474-1A3956D46DE8}") = "03 Core", "03 Core", "{9D2309C2-3DF8-4338-9A79-C7D894470E5F}"
EndProject
Project("{2150E333-8FDC-42A3-9474-1A3956D46DE8}") = "00 Solution Items", "00 Solution Items", "{51F4CC59-B5A0-44BA-A94A-3A01AA88B6AA}"
	ProjectSection(SolutionItems) = preProject
		.editorconfig = .editorconfig
		.gitignore = .gitignore
	EndProjectSection
EndProject
Project("{9A19103F-16F7-4668-BE54-9A1E7A4F7556}") = "GraphR.Core", "src\GraphR.Core\GraphR.Core.csproj", "{B6B07DE4-48AD-4FA1-82AE-50FC10798C86}"
EndProject
Global
	GlobalSection(SolutionConfigurationPlatforms) = preSolution
		Debug|Any CPU = Debug|Any CPU
		Release|Any CPU = Release|Any CPU
	EndGlobalSection
	GlobalSection(ProjectConfigurationPlatforms) = postSolution
		{45D0FC5B-588C-4A1B-B69E-BC35E26EFD11}.Debug|Any CPU.ActiveCfg = Debug|Any CPU
		{45D0FC5B-588C-4A1B-B69E-BC35E26EFD11}.Debug|Any CPU.Build.0 = Debug|Any CPU
		{45D0FC5B-588C-4A1B-B69E-BC35E26EFD11}.Release|Any CPU.ActiveCfg = Release|Any CPU
		{45D0FC5B-588C-4A1B-B69E-BC35E26EFD11}.Release|Any CPU.Build.0 = Release|Any CPU
		{6E5FE161-0376-4F28-AA70-3745A44EE028}.Debug|Any CPU.ActiveCfg = Debug|Any CPU
		{6E5FE161-0376-4F28-AA70-3745A44EE028}.Debug|Any CPU.Build.0 = Debug|Any CPU
		{6E5FE161-0376-4F28-AA70-3745A44EE028}.Release|Any CPU.ActiveCfg = Release|Any CPU
		{6E5FE161-0376-4F28-AA70-3745A44EE028}.Release|Any CPU.Build.0 = Release|Any CPU
		{93267F8C-80FF-41F0-9316-C3969B81C681}.Debug|Any CPU.ActiveCfg = Debug|Any CPU
		{93267F8C-80FF-41F0-9316-C3969B81C681}.Debug|Any CPU.Build.0 = Debug|Any CPU
		{93267F8C-80FF-41F0-9316-C3969B81C681}.Release|Any CPU.ActiveCfg = Release|Any CPU
		{93267F8C-80FF-41F0-9316-C3969B81C681}.Release|Any CPU.Build.0 = Release|Any CPU
		{93D27EB7-BB64-44AB-9B6E-C5071AFF0E48}.Debug|Any CPU.ActiveCfg = Debug|Any CPU
		{93D27EB7-BB64-44AB-9B6E-C5071AFF0E48}.Debug|Any CPU.Build.0 = Debug|Any CPU
		{93D27EB7-BB64-44AB-9B6E-C5071AFF0E48}.Release|Any CPU.ActiveCfg = Release|Any CPU
		{93D27EB7-BB64-44AB-9B6E-C5071AFF0E48}.Release|Any CPU.Build.0 = Release|Any CPU
		{B6B07DE4-48AD-4FA1-82AE-50FC10798C86}.Debug|Any CPU.ActiveCfg = Debug|Any CPU
		{B6B07DE4-48AD-4FA1-82AE-50FC10798C86}.Debug|Any CPU.Build.0 = Debug|Any CPU
		{B6B07DE4-48AD-4FA1-82AE-50FC10798C86}.Release|Any CPU.ActiveCfg = Release|Any CPU
		{B6B07DE4-48AD-4FA1-82AE-50FC10798C86}.Release|Any CPU.Build.0 = Release|Any CPU
	EndGlobalSection
	GlobalSection(SolutionProperties) = preSolution
		HideSolutionNode = FALSE
	EndGlobalSection
	GlobalSection(NestedProjects) = preSolution
		{45D0FC5B-588C-4A1B-B69E-BC35E26EFD11} = {D234312E-31D1-47BF-B883-DC933726200D}
		{6E5FE161-0376-4F28-AA70-3745A44EE028} = {A7C973C5-8F83-4665-AD0B-10A1B6020FDE}
		{93267F8C-80FF-41F0-9316-C3969B81C681} = {A7C973C5-8F83-4665-AD0B-10A1B6020FDE}
		{93D27EB7-BB64-44AB-9B6E-C5071AFF0E48} = {9D2309C2-3DF8-4338-9A79-C7D894470E5F}
		{B6B07DE4-48AD-4FA1-82AE-50FC10798C86} = {9D2309C2-3DF8-4338-9A79-C7D894470E5F}
	EndGlobalSection
	GlobalSection(ExtensibilityGlobals) = postSolution
		SolutionGuid = {53FFB9D1-AB81-43CF-BE4B-E7708ACAA6A5}
	EndGlobalSection
EndGlobal
